// !$*UTF8*$!
{
	archiveVersion = 1;
	classes = {
	};
	objectVersion = 51;
	objects = {

/* Begin PBXBuildFile section */
		538EA22BBE316AFD8D630DC2 /* Pods_CheckPlusPlus.framework in Frameworks */ = {isa = PBXBuildFile; fileRef = 7FE3C9EE7F77237C04C1BD61 /* Pods_CheckPlusPlus.framework */; };
		7D691319261975B40060AAAD /* GoogleService-Info.plist in Resources */ = {isa = PBXBuildFile; fileRef = 7D691318261975B40060AAAD /* GoogleService-Info.plist */; };
		7D6913412619B77E0060AAAD /* AuthPickerViewController.swift in Sources */ = {isa = PBXBuildFile; fileRef = 7D69133F2619B77E0060AAAD /* AuthPickerViewController.swift */; };
		7D6913422619B77E0060AAAD /* AuthPickerViewController.xib in Resources */ = {isa = PBXBuildFile; fileRef = 7D6913402619B77E0060AAAD /* AuthPickerViewController.xib */; };
		7D69135F2619E1BF0060AAAD /* meerkat-looking-around.json in Resources */ = {isa = PBXBuildFile; fileRef = 7D69135E2619E1BF0060AAAD /* meerkat-looking-around.json */; };
		7D69137A2619F8D30060AAAD /* KeychainManager.swift in Sources */ = {isa = PBXBuildFile; fileRef = 7D6913792619F8D30060AAAD /* KeychainManager.swift */; };
		7D69137D2619FFB60060AAAD /* Private.swift in Sources */ = {isa = PBXBuildFile; fileRef = 7D69137C2619FFB60060AAAD /* Private.swift */; };
		7D691383261AF7FF0060AAAD /* ToDoListCoordinator+Auth.swift in Sources */ = {isa = PBXBuildFile; fileRef = 7D691382261AF7FF0060AAAD /* ToDoListCoordinator+Auth.swift */; };
		7DA8DEC02615AAED00C9C277 /* AppDelegate.swift in Sources */ = {isa = PBXBuildFile; fileRef = 7DA8DEBF2615AAED00C9C277 /* AppDelegate.swift */; };
		7DA8DEC22615AAED00C9C277 /* SceneDelegate.swift in Sources */ = {isa = PBXBuildFile; fileRef = 7DA8DEC12615AAED00C9C277 /* SceneDelegate.swift */; };
		7DA8DEC92615AAF400C9C277 /* Assets.xcassets in Resources */ = {isa = PBXBuildFile; fileRef = 7DA8DEC82615AAF400C9C277 /* Assets.xcassets */; };
		7DA8DECC2615AAF400C9C277 /* LaunchScreen.storyboard in Resources */ = {isa = PBXBuildFile; fileRef = 7DA8DECA2615AAF400C9C277 /* LaunchScreen.storyboard */; };
		7DA8DEDC2615B58100C9C277 /* Coordinator.swift in Sources */ = {isa = PBXBuildFile; fileRef = 7DA8DEDB2615B58100C9C277 /* Coordinator.swift */; };
		7DA8DEE02615C10100C9C277 /* MetaTypeDictionary.swift in Sources */ = {isa = PBXBuildFile; fileRef = 7DA8DEDF2615C10100C9C277 /* MetaTypeDictionary.swift */; };
		7DA8DEF42615C71B00C9C277 /* RootCoordinator.swift in Sources */ = {isa = PBXBuildFile; fileRef = 7DA8DEF32615C71B00C9C277 /* RootCoordinator.swift */; };
		7DA8DEFF2616CFEB00C9C277 /* AuthCoordinator.swift in Sources */ = {isa = PBXBuildFile; fileRef = 7DA8DEFE2616CFEB00C9C277 /* AuthCoordinator.swift */; };
		7DA8DF282617086100C9C277 /* ToDoListViewModel.swift in Sources */ = {isa = PBXBuildFile; fileRef = 7DA8DF272617086100C9C277 /* ToDoListViewModel.swift */; };
		7DA8DF2C2617086E00C9C277 /* ToDoListCoordinator.swift in Sources */ = {isa = PBXBuildFile; fileRef = 7DA8DF2B2617086E00C9C277 /* ToDoListCoordinator.swift */; };
		7DA8DF302617087A00C9C277 /* ToDoListViewController.swift in Sources */ = {isa = PBXBuildFile; fileRef = 7DA8DF2E2617087A00C9C277 /* ToDoListViewController.swift */; };
		7DA8DF362617099300C9C277 /* ToDoListViewController.storyboard in Resources */ = {isa = PBXBuildFile; fileRef = 7DA8DF352617099300C9C277 /* ToDoListViewController.storyboard */; };
		7DBB501426280A8800647F89 /* Packets.pb.swift in Sources */ = {isa = PBXBuildFile; fileRef = 7DBB501326280A8800647F89 /* Packets.pb.swift */; };
		7DBB50182628601C00647F89 /* ToDoTableViewCell.swift in Sources */ = {isa = PBXBuildFile; fileRef = 7DBB50162628601C00647F89 /* ToDoTableViewCell.swift */; };
		7DBB50192628601C00647F89 /* ToDoTableViewCell.xib in Resources */ = {isa = PBXBuildFile; fileRef = 7DBB50172628601C00647F89 /* ToDoTableViewCell.xib */; };
		7DBB5032262871C400647F89 /* ServerSession.swift in Sources */ = {isa = PBXBuildFile; fileRef = 7DBB5031262871C400647F89 /* ServerSession.swift */; };
		7DBB509F262C7DC400647F89 /* PacketManager.swift in Sources */ = {isa = PBXBuildFile; fileRef = 7DBB509E262C7DC400647F89 /* PacketManager.swift */; };
		7DBB50A2262C860300647F89 /* MessageHandler.swift in Sources */ = {isa = PBXBuildFile; fileRef = 7DBB50A1262C860300647F89 /* MessageHandler.swift */; };
		7DBB50C3262DDC0300647F89 /* CreateToDoViewController.swift in Sources */ = {isa = PBXBuildFile; fileRef = 7DBB50C1262DDC0300647F89 /* CreateToDoViewController.swift */; };
		7DBB50C4262DDC0300647F89 /* CreateToDoViewController.xib in Resources */ = {isa = PBXBuildFile; fileRef = 7DBB50C2262DDC0300647F89 /* CreateToDoViewController.xib */; };
		7DBB50CA262EEB6500647F89 /* EditToDoViewController.swift in Sources */ = {isa = PBXBuildFile; fileRef = 7DBB50C8262EEB6500647F89 /* EditToDoViewController.swift */; };
		7DBB50CB262EEB6500647F89 /* EditToDoViewController.xib in Resources */ = {isa = PBXBuildFile; fileRef = 7DBB50C9262EEB6500647F89 /* EditToDoViewController.xib */; };
		7DBB50D2262F02E000647F89 /* InputToDoViewController.swift in Sources */ = {isa = PBXBuildFile; fileRef = 7DBB50D1262F02E000647F89 /* InputToDoViewController.swift */; };
		7DBB50DB262F2D8A00647F89 /* PositiveFeedbackView.swift in Sources */ = {isa = PBXBuildFile; fileRef = 7DBB50DA262F2D8A00647F89 /* PositiveFeedbackView.swift */; };
		7DBB50E1262FAD4900647F89 /* wow.json in Resources */ = {isa = PBXBuildFile; fileRef = 7DBB50DD262FAD4800647F89 /* wow.json */; };
		7DBB50E2262FAD4900647F89 /* clap-together.json in Resources */ = {isa = PBXBuildFile; fileRef = 7DBB50DE262FAD4800647F89 /* clap-together.json */; };
		7DBB50E3262FAD4900647F89 /* thumbs-up.json in Resources */ = {isa = PBXBuildFile; fileRef = 7DBB50DF262FAD4900647F89 /* thumbs-up.json */; };
		7DBB50E4262FAD4900647F89 /* check.json in Resources */ = {isa = PBXBuildFile; fileRef = 7DBB50E0262FAD4900647F89 /* check.json */; };
		7DBB50E7262FD55C00647F89 /* UsesAutoLayout.swift in Sources */ = {isa = PBXBuildFile; fileRef = 7DBB50E6262FD55C00647F89 /* UsesAutoLayout.swift */; };
		7DBB50EA263003C400647F89 /* check-box.json in Resources */ = {isa = PBXBuildFile; fileRef = 7DBB50E9263003C400647F89 /* check-box.json */; };
		7DBB5107263044B000647F89 /* SettingCoordinator.swift in Sources */ = {isa = PBXBuildFile; fileRef = 7DBB5106263044B000647F89 /* SettingCoordinator.swift */; };
		7DBB510B263044D400647F89 /* SettingViewModel.swift in Sources */ = {isa = PBXBuildFile; fileRef = 7DBB510A263044D400647F89 /* SettingViewModel.swift */; };
		7DBB5114263046AD00647F89 /* ToDoListCoordinator+Setting.swift in Sources */ = {isa = PBXBuildFile; fileRef = 7DBB5113263046AD00647F89 /* ToDoListCoordinator+Setting.swift */; };
		7DBB512326304F8800647F89 /* SettingViewController.swift in Sources */ = {isa = PBXBuildFile; fileRef = 7DBB512226304F8700647F89 /* SettingViewController.swift */; };
		7DBB512626304F9400647F89 /* SettingViewController.storyboard in Resources */ = {isa = PBXBuildFile; fileRef = 7DBB512526304F9400647F89 /* SettingViewController.storyboard */; };
/* End PBXBuildFile section */

/* Begin PBXFileReference section */
		1DF14A051EEE51F1403B10E9 /* Pods-CheckPlusPlus.debug.xcconfig */ = {isa = PBXFileReference; includeInIndex = 1; lastKnownFileType = text.xcconfig; name = "Pods-CheckPlusPlus.debug.xcconfig"; path = "Target Support Files/Pods-CheckPlusPlus/Pods-CheckPlusPlus.debug.xcconfig"; sourceTree = "<group>"; };
		21A78FC2CD060516887CE173 /* Pods-CheckPlusPlus.release.xcconfig */ = {isa = PBXFileReference; includeInIndex = 1; lastKnownFileType = text.xcconfig; name = "Pods-CheckPlusPlus.release.xcconfig"; path = "Target Support Files/Pods-CheckPlusPlus/Pods-CheckPlusPlus.release.xcconfig"; sourceTree = "<group>"; };
		7D691318261975B40060AAAD /* GoogleService-Info.plist */ = {isa = PBXFileReference; fileEncoding = 4; lastKnownFileType = text.plist.xml; path = "GoogleService-Info.plist"; sourceTree = "<group>"; };
		7D69131F2619A9E10060AAAD /* CheckPlusPlus.entitlements */ = {isa = PBXFileReference; lastKnownFileType = text.plist.entitlements; path = CheckPlusPlus.entitlements; sourceTree = "<group>"; };
		7D69133F2619B77E0060AAAD /* AuthPickerViewController.swift */ = {isa = PBXFileReference; lastKnownFileType = sourcecode.swift; path = AuthPickerViewController.swift; sourceTree = "<group>"; };
		7D6913402619B77E0060AAAD /* AuthPickerViewController.xib */ = {isa = PBXFileReference; lastKnownFileType = file.xib; path = AuthPickerViewController.xib; sourceTree = "<group>"; };
		7D69135E2619E1BF0060AAAD /* meerkat-looking-around.json */ = {isa = PBXFileReference; fileEncoding = 4; lastKnownFileType = text.json; path = "meerkat-looking-around.json"; sourceTree = "<group>"; };
		7D6913792619F8D30060AAAD /* KeychainManager.swift */ = {isa = PBXFileReference; lastKnownFileType = sourcecode.swift; path = KeychainManager.swift; sourceTree = "<group>"; };
		7D69137C2619FFB60060AAAD /* Private.swift */ = {isa = PBXFileReference; lastKnownFileType = sourcecode.swift; path = Private.swift; sourceTree = "<group>"; };
		7D691382261AF7FF0060AAAD /* ToDoListCoordinator+Auth.swift */ = {isa = PBXFileReference; lastKnownFileType = sourcecode.swift; path = "ToDoListCoordinator+Auth.swift"; sourceTree = "<group>"; };
		7DA8DEBC2615AAED00C9C277 /* CheckPlusPlus.app */ = {isa = PBXFileReference; explicitFileType = wrapper.application; includeInIndex = 0; path = CheckPlusPlus.app; sourceTree = BUILT_PRODUCTS_DIR; };
		7DA8DEBF2615AAED00C9C277 /* AppDelegate.swift */ = {isa = PBXFileReference; lastKnownFileType = sourcecode.swift; path = AppDelegate.swift; sourceTree = "<group>"; };
		7DA8DEC12615AAED00C9C277 /* SceneDelegate.swift */ = {isa = PBXFileReference; lastKnownFileType = sourcecode.swift; path = SceneDelegate.swift; sourceTree = "<group>"; };
		7DA8DEC82615AAF400C9C277 /* Assets.xcassets */ = {isa = PBXFileReference; lastKnownFileType = folder.assetcatalog; path = Assets.xcassets; sourceTree = "<group>"; };
		7DA8DECB2615AAF400C9C277 /* Base */ = {isa = PBXFileReference; lastKnownFileType = file.storyboard; name = Base; path = Base.lproj/LaunchScreen.storyboard; sourceTree = "<group>"; };
		7DA8DECD2615AAF400C9C277 /* Info.plist */ = {isa = PBXFileReference; lastKnownFileType = text.plist.xml; path = Info.plist; sourceTree = "<group>"; };
		7DA8DEDB2615B58100C9C277 /* Coordinator.swift */ = {isa = PBXFileReference; lastKnownFileType = sourcecode.swift; path = Coordinator.swift; sourceTree = "<group>"; };
		7DA8DEDF2615C10100C9C277 /* MetaTypeDictionary.swift */ = {isa = PBXFileReference; lastKnownFileType = sourcecode.swift; path = MetaTypeDictionary.swift; sourceTree = "<group>"; };
		7DA8DEF32615C71B00C9C277 /* RootCoordinator.swift */ = {isa = PBXFileReference; lastKnownFileType = sourcecode.swift; path = RootCoordinator.swift; sourceTree = "<group>"; };
		7DA8DEFE2616CFEB00C9C277 /* AuthCoordinator.swift */ = {isa = PBXFileReference; lastKnownFileType = sourcecode.swift; path = AuthCoordinator.swift; sourceTree = "<group>"; };
		7DA8DF272617086100C9C277 /* ToDoListViewModel.swift */ = {isa = PBXFileReference; lastKnownFileType = sourcecode.swift; path = ToDoListViewModel.swift; sourceTree = "<group>"; };
		7DA8DF2B2617086E00C9C277 /* ToDoListCoordinator.swift */ = {isa = PBXFileReference; lastKnownFileType = sourcecode.swift; path = ToDoListCoordinator.swift; sourceTree = "<group>"; };
		7DA8DF2E2617087A00C9C277 /* ToDoListViewController.swift */ = {isa = PBXFileReference; lastKnownFileType = sourcecode.swift; path = ToDoListViewController.swift; sourceTree = "<group>"; };
		7DA8DF352617099300C9C277 /* ToDoListViewController.storyboard */ = {isa = PBXFileReference; lastKnownFileType = file.storyboard; path = ToDoListViewController.storyboard; sourceTree = "<group>"; };
		7DBB501326280A8800647F89 /* Packets.pb.swift */ = {isa = PBXFileReference; fileEncoding = 4; lastKnownFileType = sourcecode.swift; path = Packets.pb.swift; sourceTree = "<group>"; };
		7DBB50162628601C00647F89 /* ToDoTableViewCell.swift */ = {isa = PBXFileReference; lastKnownFileType = sourcecode.swift; path = ToDoTableViewCell.swift; sourceTree = "<group>"; };
		7DBB50172628601C00647F89 /* ToDoTableViewCell.xib */ = {isa = PBXFileReference; lastKnownFileType = file.xib; path = ToDoTableViewCell.xib; sourceTree = "<group>"; };
		7DBB5031262871C400647F89 /* ServerSession.swift */ = {isa = PBXFileReference; lastKnownFileType = sourcecode.swift; path = ServerSession.swift; sourceTree = "<group>"; };
		7DBB509E262C7DC400647F89 /* PacketManager.swift */ = {isa = PBXFileReference; lastKnownFileType = sourcecode.swift; path = PacketManager.swift; sourceTree = "<group>"; };
		7DBB50A1262C860300647F89 /* MessageHandler.swift */ = {isa = PBXFileReference; lastKnownFileType = sourcecode.swift; path = MessageHandler.swift; sourceTree = "<group>"; };
		7DBB50C1262DDC0300647F89 /* CreateToDoViewController.swift */ = {isa = PBXFileReference; lastKnownFileType = sourcecode.swift; path = CreateToDoViewController.swift; sourceTree = "<group>"; };
		7DBB50C2262DDC0300647F89 /* CreateToDoViewController.xib */ = {isa = PBXFileReference; lastKnownFileType = file.xib; path = CreateToDoViewController.xib; sourceTree = "<group>"; };
		7DBB50C8262EEB6500647F89 /* EditToDoViewController.swift */ = {isa = PBXFileReference; lastKnownFileType = sourcecode.swift; path = EditToDoViewController.swift; sourceTree = "<group>"; };
		7DBB50C9262EEB6500647F89 /* EditToDoViewController.xib */ = {isa = PBXFileReference; lastKnownFileType = file.xib; path = EditToDoViewController.xib; sourceTree = "<group>"; };
		7DBB50D1262F02E000647F89 /* InputToDoViewController.swift */ = {isa = PBXFileReference; lastKnownFileType = sourcecode.swift; path = InputToDoViewController.swift; sourceTree = "<group>"; };
		7DBB50DA262F2D8A00647F89 /* PositiveFeedbackView.swift */ = {isa = PBXFileReference; lastKnownFileType = sourcecode.swift; path = PositiveFeedbackView.swift; sourceTree = "<group>"; };
		7DBB50DD262FAD4800647F89 /* wow.json */ = {isa = PBXFileReference; fileEncoding = 4; lastKnownFileType = text.json; path = wow.json; sourceTree = "<group>"; };
		7DBB50DE262FAD4800647F89 /* clap-together.json */ = {isa = PBXFileReference; fileEncoding = 4; lastKnownFileType = text.json; path = "clap-together.json"; sourceTree = "<group>"; };
		7DBB50DF262FAD4900647F89 /* thumbs-up.json */ = {isa = PBXFileReference; fileEncoding = 4; lastKnownFileType = text.json; path = "thumbs-up.json"; sourceTree = "<group>"; };
		7DBB50E0262FAD4900647F89 /* check.json */ = {isa = PBXFileReference; fileEncoding = 4; lastKnownFileType = text.json; path = check.json; sourceTree = "<group>"; };
		7DBB50E6262FD55C00647F89 /* UsesAutoLayout.swift */ = {isa = PBXFileReference; lastKnownFileType = sourcecode.swift; path = UsesAutoLayout.swift; sourceTree = "<group>"; };
		7DBB50E9263003C400647F89 /* check-box.json */ = {isa = PBXFileReference; fileEncoding = 4; lastKnownFileType = text.json; path = "check-box.json"; sourceTree = "<group>"; };
		7DBB5106263044B000647F89 /* SettingCoordinator.swift */ = {isa = PBXFileReference; lastKnownFileType = sourcecode.swift; path = SettingCoordinator.swift; sourceTree = "<group>"; };
		7DBB510A263044D400647F89 /* SettingViewModel.swift */ = {isa = PBXFileReference; lastKnownFileType = sourcecode.swift; path = SettingViewModel.swift; sourceTree = "<group>"; };
		7DBB5113263046AD00647F89 /* ToDoListCoordinator+Setting.swift */ = {isa = PBXFileReference; lastKnownFileType = sourcecode.swift; path = "ToDoListCoordinator+Setting.swift"; sourceTree = "<group>"; };
		7DBB512226304F8700647F89 /* SettingViewController.swift */ = {isa = PBXFileReference; lastKnownFileType = sourcecode.swift; path = SettingViewController.swift; sourceTree = "<group>"; };
		7DBB512526304F9400647F89 /* SettingViewController.storyboard */ = {isa = PBXFileReference; lastKnownFileType = file.storyboard; path = SettingViewController.storyboard; sourceTree = "<group>"; };
		7FE3C9EE7F77237C04C1BD61 /* Pods_CheckPlusPlus.framework */ = {isa = PBXFileReference; explicitFileType = wrapper.framework; includeInIndex = 0; path = Pods_CheckPlusPlus.framework; sourceTree = BUILT_PRODUCTS_DIR; };
/* End PBXFileReference section */

/* Begin PBXFrameworksBuildPhase section */
		7DA8DEB92615AAED00C9C277 /* Frameworks */ = {
			isa = PBXFrameworksBuildPhase;
			buildActionMask = 2147483647;
			files = (
				538EA22BBE316AFD8D630DC2 /* Pods_CheckPlusPlus.framework in Frameworks */,
			);
			runOnlyForDeploymentPostprocessing = 0;
		};
/* End PBXFrameworksBuildPhase section */

/* Begin PBXGroup section */
		7D69135D2619E1B50060AAAD /* LottieAssets */ = {
			isa = PBXGroup;
			children = (
				7D69135E2619E1BF0060AAAD /* meerkat-looking-around.json */,
				7DBB50E0262FAD4900647F89 /* check.json */,
				7DBB50DE262FAD4800647F89 /* clap-together.json */,
				7DBB50DF262FAD4900647F89 /* thumbs-up.json */,
				7DBB50E9263003C400647F89 /* check-box.json */,
				7DBB50DD262FAD4800647F89 /* wow.json */,
			);
			path = LottieAssets;
			sourceTree = "<group>";
		};
		7DA8DEB32615AAED00C9C277 = {
			isa = PBXGroup;
			children = (
				7DA8DEBE2615AAED00C9C277 /* CheckPlusPlus */,
				7DA8DEBD2615AAED00C9C277 /* Products */,
				EE86927BB11F02D1FC26BCEA /* Pods */,
				D432EB91EE758DBC2E2B314B /* Frameworks */,
			);
			sourceTree = "<group>";
		};
		7DA8DEBD2615AAED00C9C277 /* Products */ = {
			isa = PBXGroup;
			children = (
				7DA8DEBC2615AAED00C9C277 /* CheckPlusPlus.app */,
			);
			name = Products;
			sourceTree = "<group>";
		};
		7DA8DEBE2615AAED00C9C277 /* CheckPlusPlus */ = {
			isa = PBXGroup;
			children = (
				7DBB5105263024E000647F89 /* Setting */,
				7DA8DF262617084700C9C277 /* ToDoList */,
				7DA8DEFD2616CFDB00C9C277 /* Authentication */,
				7DA8DEF22615C71000C9C277 /* Root */,
				7DA8DEE52615C27300C9C277 /* App */,
				7DA8DEDE2615C0E200C9C277 /* Utils */,
				7DBB5012262809F900647F89 /* Models */,
				7DA8DEE32615C26300C9C277 /* Core */,
				7D69131F2619A9E10060AAAD /* CheckPlusPlus.entitlements */,
				7DA8DEC82615AAF400C9C277 /* Assets.xcassets */,
				7D69135D2619E1B50060AAAD /* LottieAssets */,
				7DA8DECA2615AAF400C9C277 /* LaunchScreen.storyboard */,
				7D691318261975B40060AAAD /* GoogleService-Info.plist */,
				7DA8DECD2615AAF400C9C277 /* Info.plist */,
			);
			path = CheckPlusPlus;
			sourceTree = "<group>";
		};
		7DA8DEDE2615C0E200C9C277 /* Utils */ = {
			isa = PBXGroup;
			children = (
				7DA8DEDF2615C10100C9C277 /* MetaTypeDictionary.swift */,
				7DBB50A1262C860300647F89 /* MessageHandler.swift */,
				7D6913792619F8D30060AAAD /* KeychainManager.swift */,
				7D69137C2619FFB60060AAAD /* Private.swift */,
				7DBB5031262871C400647F89 /* ServerSession.swift */,
				7DBB509E262C7DC400647F89 /* PacketManager.swift */,
				7DBB50E6262FD55C00647F89 /* UsesAutoLayout.swift */,
			);
			path = Utils;
			sourceTree = "<group>";
		};
		7DA8DEE32615C26300C9C277 /* Core */ = {
			isa = PBXGroup;
			children = (
				7DA8DEDB2615B58100C9C277 /* Coordinator.swift */,
			);
			path = Core;
			sourceTree = "<group>";
		};
		7DA8DEE52615C27300C9C277 /* App */ = {
			isa = PBXGroup;
			children = (
				7DA8DEBF2615AAED00C9C277 /* AppDelegate.swift */,
				7DA8DEC12615AAED00C9C277 /* SceneDelegate.swift */,
			);
			path = App;
			sourceTree = "<group>";
		};
		7DA8DEF22615C71000C9C277 /* Root */ = {
			isa = PBXGroup;
			children = (
				7DA8DEF32615C71B00C9C277 /* RootCoordinator.swift */,
			);
			path = Root;
			sourceTree = "<group>";
		};
		7DA8DEFD2616CFDB00C9C277 /* Authentication */ = {
			isa = PBXGroup;
			children = (
				7DA8DEFE2616CFEB00C9C277 /* AuthCoordinator.swift */,
				7D69133F2619B77E0060AAAD /* AuthPickerViewController.swift */,
				7D6913402619B77E0060AAAD /* AuthPickerViewController.xib */,
			);
			path = Authentication;
			sourceTree = "<group>";
		};
		7DA8DF262617084700C9C277 /* ToDoList */ = {
			isa = PBXGroup;
			children = (
				7DA8DF2B2617086E00C9C277 /* ToDoListCoordinator.swift */,
				7DBB5113263046AD00647F89 /* ToDoListCoordinator+Setting.swift */,
				7D691382261AF7FF0060AAAD /* ToDoListCoordinator+Auth.swift */,
				7DA8DF272617086100C9C277 /* ToDoListViewModel.swift */,
				7DA8DF2E2617087A00C9C277 /* ToDoListViewController.swift */,
				7DA8DF352617099300C9C277 /* ToDoListViewController.storyboard */,
				7DBB50C7262EEB3E00647F89 /* HelperViews */,
			);
			path = ToDoList;
			sourceTree = "<group>";
		};
		7DBB5012262809F900647F89 /* Models */ = {
			isa = PBXGroup;
			children = (
				7DBB501326280A8800647F89 /* Packets.pb.swift */,
			);
			path = Models;
			sourceTree = "<group>";
		};
		7DBB50C7262EEB3E00647F89 /* HelperViews */ = {
			isa = PBXGroup;
			children = (
				7DBB50162628601C00647F89 /* ToDoTableViewCell.swift */,
				7DBB50172628601C00647F89 /* ToDoTableViewCell.xib */,
				7DBB50D1262F02E000647F89 /* InputToDoViewController.swift */,
				7DBB50C1262DDC0300647F89 /* CreateToDoViewController.swift */,
				7DBB50C2262DDC0300647F89 /* CreateToDoViewController.xib */,
				7DBB50C8262EEB6500647F89 /* EditToDoViewController.swift */,
				7DBB50C9262EEB6500647F89 /* EditToDoViewController.xib */,
				7DBB50DA262F2D8A00647F89 /* PositiveFeedbackView.swift */,
			);
			path = HelperViews;
			sourceTree = "<group>";
		};
		7DBB5105263024E000647F89 /* Setting */ = {
			isa = PBXGroup;
			children = (
				7DBB5106263044B000647F89 /* SettingCoordinator.swift */,
				7DBB510A263044D400647F89 /* SettingViewModel.swift */,
				7DBB512226304F8700647F89 /* SettingViewController.swift */,
				7DBB512526304F9400647F89 /* SettingViewController.storyboard */,
			);
			path = Setting;
			sourceTree = "<group>";
		};
		D432EB91EE758DBC2E2B314B /* Frameworks */ = {
			isa = PBXGroup;
			children = (
				7FE3C9EE7F77237C04C1BD61 /* Pods_CheckPlusPlus.framework */,
			);
			name = Frameworks;
			sourceTree = "<group>";
		};
		EE86927BB11F02D1FC26BCEA /* Pods */ = {
			isa = PBXGroup;
			children = (
				1DF14A051EEE51F1403B10E9 /* Pods-CheckPlusPlus.debug.xcconfig */,
				21A78FC2CD060516887CE173 /* Pods-CheckPlusPlus.release.xcconfig */,
			);
			path = Pods;
			sourceTree = "<group>";
		};
/* End PBXGroup section */

/* Begin PBXNativeTarget section */
		7DA8DEBB2615AAED00C9C277 /* CheckPlusPlus */ = {
			isa = PBXNativeTarget;
			buildConfigurationList = 7DA8DED02615AAF400C9C277 /* Build configuration list for PBXNativeTarget "CheckPlusPlus" */;
			buildPhases = (
				E1652022A8BEECA3DDB5CAC3 /* [CP] Check Pods Manifest.lock */,
				7DA8DEB82615AAED00C9C277 /* Sources */,
				7DA8DEB92615AAED00C9C277 /* Frameworks */,
				7DA8DEBA2615AAED00C9C277 /* Resources */,
				6C1FED31E9234C5CA6AE4DD9 /* [CP] Embed Pods Frameworks */,
				B53C2B99C5E04E8C02878AB7 /* [CP] Copy Pods Resources */,
			);
			buildRules = (
			);
			dependencies = (
			);
			name = CheckPlusPlus;
			productName = CheckPlusPlus;
			productReference = 7DA8DEBC2615AAED00C9C277 /* CheckPlusPlus.app */;
			productType = "com.apple.product-type.application";
		};
/* End PBXNativeTarget section */

/* Begin PBXProject section */
		7DA8DEB42615AAED00C9C277 /* Project object */ = {
			isa = PBXProject;
			attributes = {
				LastSwiftUpdateCheck = 1230;
				LastUpgradeCheck = 1230;
				TargetAttributes = {
					7DA8DEBB2615AAED00C9C277 = {
						CreatedOnToolsVersion = 12.3;
					};
				};
			};
			buildConfigurationList = 7DA8DEB72615AAED00C9C277 /* Build configuration list for PBXProject "CheckPlusPlus" */;
			compatibilityVersion = "Xcode 9.3";
			developmentRegion = en;
			hasScannedForEncodings = 0;
			knownRegions = (
				en,
				Base,
			);
			mainGroup = 7DA8DEB32615AAED00C9C277;
			productRefGroup = 7DA8DEBD2615AAED00C9C277 /* Products */;
			projectDirPath = "";
			projectRoot = "";
			targets = (
				7DA8DEBB2615AAED00C9C277 /* CheckPlusPlus */,
			);
		};
/* End PBXProject section */

/* Begin PBXResourcesBuildPhase section */
		7DA8DEBA2615AAED00C9C277 /* Resources */ = {
			isa = PBXResourcesBuildPhase;
			buildActionMask = 2147483647;
			files = (
				7DA8DECC2615AAF400C9C277 /* LaunchScreen.storyboard in Resources */,
				7DBB50E2262FAD4900647F89 /* clap-together.json in Resources */,
				7DBB50EA263003C400647F89 /* check-box.json in Resources */,
				7DBB50192628601C00647F89 /* ToDoTableViewCell.xib in Resources */,
				7DBB50E3262FAD4900647F89 /* thumbs-up.json in Resources */,
				7D691319261975B40060AAAD /* GoogleService-Info.plist in Resources */,
				7DBB50E1262FAD4900647F89 /* wow.json in Resources */,
				7D6913422619B77E0060AAAD /* AuthPickerViewController.xib in Resources */,
				7DA8DEC92615AAF400C9C277 /* Assets.xcassets in Resources */,
				7DBB50E4262FAD4900647F89 /* check.json in Resources */,
				7D69135F2619E1BF0060AAAD /* meerkat-looking-around.json in Resources */,
				7DBB50C4262DDC0300647F89 /* CreateToDoViewController.xib in Resources */,
				7DBB512626304F9400647F89 /* SettingViewController.storyboard in Resources */,
				7DBB50CB262EEB6500647F89 /* EditToDoViewController.xib in Resources */,
				7DA8DF362617099300C9C277 /* ToDoListViewController.storyboard in Resources */,
			);
			runOnlyForDeploymentPostprocessing = 0;
		};
/* End PBXResourcesBuildPhase section */

/* Begin PBXShellScriptBuildPhase section */
		6C1FED31E9234C5CA6AE4DD9 /* [CP] Embed Pods Frameworks */ = {
			isa = PBXShellScriptBuildPhase;
			buildActionMask = 2147483647;
			files = (
			);
			inputFileListPaths = (
				"${PODS_ROOT}/Target Support Files/Pods-CheckPlusPlus/Pods-CheckPlusPlus-frameworks-${CONFIGURATION}-input-files.xcfilelist",
			);
			name = "[CP] Embed Pods Frameworks";
			outputFileListPaths = (
				"${PODS_ROOT}/Target Support Files/Pods-CheckPlusPlus/Pods-CheckPlusPlus-frameworks-${CONFIGURATION}-output-files.xcfilelist",
			);
			runOnlyForDeploymentPostprocessing = 0;
			shellPath = /bin/sh;
			shellScript = "\"${PODS_ROOT}/Target Support Files/Pods-CheckPlusPlus/Pods-CheckPlusPlus-frameworks.sh\"\n";
			showEnvVarsInLog = 0;
		};
		B53C2B99C5E04E8C02878AB7 /* [CP] Copy Pods Resources */ = {
			isa = PBXShellScriptBuildPhase;
			buildActionMask = 2147483647;
			files = (
			);
			inputFileListPaths = (
				"${PODS_ROOT}/Target Support Files/Pods-CheckPlusPlus/Pods-CheckPlusPlus-resources-${CONFIGURATION}-input-files.xcfilelist",
			);
			name = "[CP] Copy Pods Resources";
			outputFileListPaths = (
				"${PODS_ROOT}/Target Support Files/Pods-CheckPlusPlus/Pods-CheckPlusPlus-resources-${CONFIGURATION}-output-files.xcfilelist",
			);
			runOnlyForDeploymentPostprocessing = 0;
			shellPath = /bin/sh;
			shellScript = "\"${PODS_ROOT}/Target Support Files/Pods-CheckPlusPlus/Pods-CheckPlusPlus-resources.sh\"\n";
			showEnvVarsInLog = 0;
		};
		E1652022A8BEECA3DDB5CAC3 /* [CP] Check Pods Manifest.lock */ = {
			isa = PBXShellScriptBuildPhase;
			buildActionMask = 2147483647;
			files = (
			);
			inputFileListPaths = (
			);
			inputPaths = (
				"${PODS_PODFILE_DIR_PATH}/Podfile.lock",
				"${PODS_ROOT}/Manifest.lock",
			);
			name = "[CP] Check Pods Manifest.lock";
			outputFileListPaths = (
			);
			outputPaths = (
				"$(DERIVED_FILE_DIR)/Pods-CheckPlusPlus-checkManifestLockResult.txt",
			);
			runOnlyForDeploymentPostprocessing = 0;
			shellPath = /bin/sh;
			shellScript = "diff \"${PODS_PODFILE_DIR_PATH}/Podfile.lock\" \"${PODS_ROOT}/Manifest.lock\" > /dev/null\nif [ $? != 0 ] ; then\n    # print error to STDERR\n    echo \"error: The sandbox is not in sync with the Podfile.lock. Run 'pod install' or update your CocoaPods installation.\" >&2\n    exit 1\nfi\n# This output is used by Xcode 'outputs' to avoid re-running this script phase.\necho \"SUCCESS\" > \"${SCRIPT_OUTPUT_FILE_0}\"\n";
			showEnvVarsInLog = 0;
		};
/* End PBXShellScriptBuildPhase section */

/* Begin PBXSourcesBuildPhase section */
		7DA8DEB82615AAED00C9C277 /* Sources */ = {
			isa = PBXSourcesBuildPhase;
			buildActionMask = 2147483647;
			files = (
				7D69137A2619F8D30060AAAD /* KeychainManager.swift in Sources */,
				7DA8DEE02615C10100C9C277 /* MetaTypeDictionary.swift in Sources */,
				7DA8DEFF2616CFEB00C9C277 /* AuthCoordinator.swift in Sources */,
				7DA8DEDC2615B58100C9C277 /* Coordinator.swift in Sources */,
				7DA8DF282617086100C9C277 /* ToDoListViewModel.swift in Sources */,
				7DBB510B263044D400647F89 /* SettingViewModel.swift in Sources */,
				7D6913412619B77E0060AAAD /* AuthPickerViewController.swift in Sources */,
				7DBB509F262C7DC400647F89 /* PacketManager.swift in Sources */,
				7DA8DF2C2617086E00C9C277 /* ToDoListCoordinator.swift in Sources */,
				7DBB5114263046AD00647F89 /* ToDoListCoordinator+Setting.swift in Sources */,
				7DA8DEC02615AAED00C9C277 /* AppDelegate.swift in Sources */,
				7DBB501426280A8800647F89 /* Packets.pb.swift in Sources */,
				7DBB50CA262EEB6500647F89 /* EditToDoViewController.swift in Sources */,
				7DBB50C3262DDC0300647F89 /* CreateToDoViewController.swift in Sources */,
				7DBB50A2262C860300647F89 /* MessageHandler.swift in Sources */,
				7DBB5107263044B000647F89 /* SettingCoordinator.swift in Sources */,
				7DBB5032262871C400647F89 /* ServerSession.swift in Sources */,
				7DBB50182628601C00647F89 /* ToDoTableViewCell.swift in Sources */,
				7D69137D2619FFB60060AAAD /* Private.swift in Sources */,
				7DBB50DB262F2D8A00647F89 /* PositiveFeedbackView.swift in Sources */,
				7DA8DEC22615AAED00C9C277 /* SceneDelegate.swift in Sources */,
				7DA8DEF42615C71B00C9C277 /* RootCoordinator.swift in Sources */,
				7D691383261AF7FF0060AAAD /* ToDoListCoordinator+Auth.swift in Sources */,
				7DBB512326304F8800647F89 /* SettingViewController.swift in Sources */,
				7DA8DF302617087A00C9C277 /* ToDoListViewController.swift in Sources */,
				7DBB50D2262F02E000647F89 /* InputToDoViewController.swift in Sources */,
				7DBB50E7262FD55C00647F89 /* UsesAutoLayout.swift in Sources */,
			);
			runOnlyForDeploymentPostprocessing = 0;
		};
/* End PBXSourcesBuildPhase section */

/* Begin PBXVariantGroup section */
		7DA8DECA2615AAF400C9C277 /* LaunchScreen.storyboard */ = {
			isa = PBXVariantGroup;
			children = (
				7DA8DECB2615AAF400C9C277 /* Base */,
			);
			name = LaunchScreen.storyboard;
			sourceTree = "<group>";
		};
/* End PBXVariantGroup section */

/* Begin XCBuildConfiguration section */
		7DA8DECE2615AAF400C9C277 /* Debug */ = {
			isa = XCBuildConfiguration;
			buildSettings = {
				ALWAYS_SEARCH_USER_PATHS = NO;
				CLANG_ANALYZER_NONNULL = YES;
				CLANG_ANALYZER_NUMBER_OBJECT_CONVERSION = YES_AGGRESSIVE;
				CLANG_CXX_LANGUAGE_STANDARD = "gnu++14";
				CLANG_CXX_LIBRARY = "libc++";
				CLANG_ENABLE_MODULES = YES;
				CLANG_ENABLE_OBJC_ARC = YES;
				CLANG_ENABLE_OBJC_WEAK = YES;
				CLANG_WARN_BLOCK_CAPTURE_AUTORELEASING = YES;
				CLANG_WARN_BOOL_CONVERSION = YES;
				CLANG_WARN_COMMA = YES;
				CLANG_WARN_CONSTANT_CONVERSION = YES;
				CLANG_WARN_DEPRECATED_OBJC_IMPLEMENTATIONS = YES;
				CLANG_WARN_DIRECT_OBJC_ISA_USAGE = YES_ERROR;
				CLANG_WARN_DOCUMENTATION_COMMENTS = YES;
				CLANG_WARN_EMPTY_BODY = YES;
				CLANG_WARN_ENUM_CONVERSION = YES;
				CLANG_WARN_INFINITE_RECURSION = YES;
				CLANG_WARN_INT_CONVERSION = YES;
				CLANG_WARN_NON_LITERAL_NULL_CONVERSION = YES;
				CLANG_WARN_OBJC_IMPLICIT_RETAIN_SELF = YES;
				CLANG_WARN_OBJC_LITERAL_CONVERSION = YES;
				CLANG_WARN_OBJC_ROOT_CLASS = YES_ERROR;
				CLANG_WARN_QUOTED_INCLUDE_IN_FRAMEWORK_HEADER = YES;
				CLANG_WARN_RANGE_LOOP_ANALYSIS = YES;
				CLANG_WARN_STRICT_PROTOTYPES = YES;
				CLANG_WARN_SUSPICIOUS_MOVE = YES;
				CLANG_WARN_UNGUARDED_AVAILABILITY = YES_AGGRESSIVE;
				CLANG_WARN_UNREACHABLE_CODE = YES;
				CLANG_WARN__DUPLICATE_METHOD_MATCH = YES;
				COPY_PHASE_STRIP = NO;
				DEBUG_INFORMATION_FORMAT = dwarf;
				ENABLE_STRICT_OBJC_MSGSEND = YES;
				ENABLE_TESTABILITY = YES;
				GCC_C_LANGUAGE_STANDARD = gnu11;
				GCC_DYNAMIC_NO_PIC = NO;
				GCC_NO_COMMON_BLOCKS = YES;
				GCC_OPTIMIZATION_LEVEL = 0;
				GCC_PREPROCESSOR_DEFINITIONS = (
					"DEBUG=1",
					"$(inherited)",
				);
				GCC_WARN_64_TO_32_BIT_CONVERSION = YES;
				GCC_WARN_ABOUT_RETURN_TYPE = YES_ERROR;
				GCC_WARN_UNDECLARED_SELECTOR = YES;
				GCC_WARN_UNINITIALIZED_AUTOS = YES_AGGRESSIVE;
				GCC_WARN_UNUSED_FUNCTION = YES;
				GCC_WARN_UNUSED_VARIABLE = YES;
				IPHONEOS_DEPLOYMENT_TARGET = 14.3;
				MTL_ENABLE_DEBUG_INFO = INCLUDE_SOURCE;
				MTL_FAST_MATH = YES;
				ONLY_ACTIVE_ARCH = YES;
				SDKROOT = iphoneos;
				SWIFT_ACTIVE_COMPILATION_CONDITIONS = DEBUG;
				SWIFT_OPTIMIZATION_LEVEL = "-Onone";
			};
			name = Debug;
		};
		7DA8DECF2615AAF400C9C277 /* Release */ = {
			isa = XCBuildConfiguration;
			buildSettings = {
				ALWAYS_SEARCH_USER_PATHS = NO;
				CLANG_ANALYZER_NONNULL = YES;
				CLANG_ANALYZER_NUMBER_OBJECT_CONVERSION = YES_AGGRESSIVE;
				CLANG_CXX_LANGUAGE_STANDARD = "gnu++14";
				CLANG_CXX_LIBRARY = "libc++";
				CLANG_ENABLE_MODULES = YES;
				CLANG_ENABLE_OBJC_ARC = YES;
				CLANG_ENABLE_OBJC_WEAK = YES;
				CLANG_WARN_BLOCK_CAPTURE_AUTORELEASING = YES;
				CLANG_WARN_BOOL_CONVERSION = YES;
				CLANG_WARN_COMMA = YES;
				CLANG_WARN_CONSTANT_CONVERSION = YES;
				CLANG_WARN_DEPRECATED_OBJC_IMPLEMENTATIONS = YES;
				CLANG_WARN_DIRECT_OBJC_ISA_USAGE = YES_ERROR;
				CLANG_WARN_DOCUMENTATION_COMMENTS = YES;
				CLANG_WARN_EMPTY_BODY = YES;
				CLANG_WARN_ENUM_CONVERSION = YES;
				CLANG_WARN_INFINITE_RECURSION = YES;
				CLANG_WARN_INT_CONVERSION = YES;
				CLANG_WARN_NON_LITERAL_NULL_CONVERSION = YES;
				CLANG_WARN_OBJC_IMPLICIT_RETAIN_SELF = YES;
				CLANG_WARN_OBJC_LITERAL_CONVERSION = YES;
				CLANG_WARN_OBJC_ROOT_CLASS = YES_ERROR;
				CLANG_WARN_QUOTED_INCLUDE_IN_FRAMEWORK_HEADER = YES;
				CLANG_WARN_RANGE_LOOP_ANALYSIS = YES;
				CLANG_WARN_STRICT_PROTOTYPES = YES;
				CLANG_WARN_SUSPICIOUS_MOVE = YES;
				CLANG_WARN_UNGUARDED_AVAILABILITY = YES_AGGRESSIVE;
				CLANG_WARN_UNREACHABLE_CODE = YES;
				CLANG_WARN__DUPLICATE_METHOD_MATCH = YES;
				COPY_PHASE_STRIP = NO;
				DEBUG_INFORMATION_FORMAT = "dwarf-with-dsym";
				ENABLE_NS_ASSERTIONS = NO;
				ENABLE_STRICT_OBJC_MSGSEND = YES;
				GCC_C_LANGUAGE_STANDARD = gnu11;
				GCC_NO_COMMON_BLOCKS = YES;
				GCC_WARN_64_TO_32_BIT_CONVERSION = YES;
				GCC_WARN_ABOUT_RETURN_TYPE = YES_ERROR;
				GCC_WARN_UNDECLARED_SELECTOR = YES;
				GCC_WARN_UNINITIALIZED_AUTOS = YES_AGGRESSIVE;
				GCC_WARN_UNUSED_FUNCTION = YES;
				GCC_WARN_UNUSED_VARIABLE = YES;
				IPHONEOS_DEPLOYMENT_TARGET = 14.3;
				MTL_ENABLE_DEBUG_INFO = NO;
				MTL_FAST_MATH = YES;
				SDKROOT = iphoneos;
				SWIFT_COMPILATION_MODE = wholemodule;
				SWIFT_OPTIMIZATION_LEVEL = "-O";
				VALIDATE_PRODUCT = YES;
			};
			name = Release;
		};
		7DA8DED12615AAF400C9C277 /* Debug */ = {
			isa = XCBuildConfiguration;
			baseConfigurationReference = 1DF14A051EEE51F1403B10E9 /* Pods-CheckPlusPlus.debug.xcconfig */;
			buildSettings = {
				ASSETCATALOG_COMPILER_APPICON_NAME = AppIcon;
				ASSETCATALOG_COMPILER_GLOBAL_ACCENT_COLOR_NAME = AccentColor;
				CODE_SIGN_ENTITLEMENTS = CheckPlusPlus/CheckPlusPlus.entitlements;
				CODE_SIGN_IDENTITY = "iPhone Developer";
				CODE_SIGN_STYLE = Manual;
				DEVELOPMENT_TEAM = JZW6GB7MS9;
				INFOPLIST_FILE = CheckPlusPlus/Info.plist;
				IPHONEOS_DEPLOYMENT_TARGET = 13.0;
				LD_RUNPATH_SEARCH_PATHS = (
					"$(inherited)",
					"@executable_path/Frameworks",
				);
				PRODUCT_BUNDLE_IDENTIFIER = io.github.hngfu.CheckPlusPlus;
				PRODUCT_NAME = "$(TARGET_NAME)";
				PROVISIONING_PROFILE_SPECIFIER = "Check plus plus for Developement";
				SWIFT_VERSION = 5.0;
				TARGETED_DEVICE_FAMILY = "1,2";
			};
			name = Debug;
		};
		7DA8DED22615AAF400C9C277 /* Release */ = {
			isa = XCBuildConfiguration;
			baseConfigurationReference = 21A78FC2CD060516887CE173 /* Pods-CheckPlusPlus.release.xcconfig */;
			buildSettings = {
				ASSETCATALOG_COMPILER_APPICON_NAME = AppIcon;
				ASSETCATALOG_COMPILER_GLOBAL_ACCENT_COLOR_NAME = AccentColor;
				CODE_SIGN_ENTITLEMENTS = CheckPlusPlus/CheckPlusPlus.entitlements;
				CODE_SIGN_IDENTITY = "iPhone Developer";
				CODE_SIGN_STYLE = Manual;
				DEVELOPMENT_TEAM = JZW6GB7MS9;
				INFOPLIST_FILE = CheckPlusPlus/Info.plist;
				IPHONEOS_DEPLOYMENT_TARGET = 13.0;
				LD_RUNPATH_SEARCH_PATHS = (
					"$(inherited)",
					"@executable_path/Frameworks",
				);
				PRODUCT_BUNDLE_IDENTIFIER = io.github.hngfu.CheckPlusPlus;
				PRODUCT_NAME = "$(TARGET_NAME)";
				PROVISIONING_PROFILE_SPECIFIER = "Check plus plus for Developement";
				SWIFT_VERSION = 5.0;
				TARGETED_DEVICE_FAMILY = "1,2";
			};
			name = Release;
		};
/* End XCBuildConfiguration section */

/* Begin XCConfigurationList section */
		7DA8DEB72615AAED00C9C277 /* Build configuration list for PBXProject "CheckPlusPlus" */ = {
			isa = XCConfigurationList;
			buildConfigurations = (
				7DA8DECE2615AAF400C9C277 /* Debug */,
				7DA8DECF2615AAF400C9C277 /* Release */,
			);
			defaultConfigurationIsVisible = 0;
			defaultConfigurationName = Release;
		};
		7DA8DED02615AAF400C9C277 /* Build configuration list for PBXNativeTarget "CheckPlusPlus" */ = {
			isa = XCConfigurationList;
			buildConfigurations = (
				7DA8DED12615AAF400C9C277 /* Debug */,
				7DA8DED22615AAF400C9C277 /* Release */,
			);
			defaultConfigurationIsVisible = 0;
			defaultConfigurationName = Release;
		};
/* End XCConfigurationList section */
	};
	rootObject = 7DA8DEB42615AAED00C9C277 /* Project object */;
}
